
Microsoft Visual Studio Solution File, Format Version 12.00
# Visual Studio 2013
VisualStudioVersion = 12.0.21005.1
MinimumVisualStudioVersion = 10.0.40219.1
Project("{FAE04EC0-301F-11D3-BF4B-00C04F79EFBC}") = "16. Little John", "16. Little John\16. Little John.csproj", "{B61F092E-BFDE-4406-AF19-B0F5B4F01AC0}"
EndProject
Project("{FAE04EC0-301F-11D3-BF4B-00C04F79EFBC}") = "17. Office Stuff", "17. Office Stuff\17. Office Stuff.csproj", "{C965EE81-3CB6-41EC-A08E-0DDBB3A7E5B8}"
EndProject
Project("{FAE04EC0-301F-11D3-BF4B-00C04F79EFBC}") = "15. Uppercase Words", "15. Uppercase Words\15. Uppercase Words.csproj", "{78797EA8-8778-4F9F-AB1C-CB4AE404D279}"
EndProject
Project("{FAE04EC0-301F-11D3-BF4B-00C04F79EFBC}") = "14. Text Gravity", "14. Text Gravity\14. Text Gravity.csproj", "{56F157DE-482A-40A3-984D-B65FBF7524FA}"
EndProject
Project("{FAE04EC0-301F-11D3-BF4B-00C04F79EFBC}") = "01. Class Student", "01. Class Student\01. Class Student.csproj", "{9B84657F-26AE-4C88-91A5-FCA251989C55}"
EndProject
Project("{FAE04EC0-301F-11D3-BF4B-00C04F79EFBC}") = "02. Students By Group", "02. Students By Group\02. Students By Group.csproj", "{4C8B3820-45B6-4F5E-AECC-1F693FDA7545}"
EndProject
Project("{FAE04EC0-301F-11D3-BF4B-00C04F79EFBC}") = "03. StudentsByFirstAndLastName", "03. StudentsByFirstAndLastName\03. StudentsByFirstAndLastName.csproj", "{FF534206-7787-4D76-840C-6B06F826C62B}"
EndProject
Project("{FAE04EC0-301F-11D3-BF4B-00C04F79EFBC}") = "04. StudentsByAge", "04. StudentsByAge\04. StudentsByAge.csproj", "{E7C871F0-A311-4250-BBC5-0B2F088C6E4E}"
EndProject
Project("{FAE04EC0-301F-11D3-BF4B-00C04F79EFBC}") = "06. Filter Students By Email", "06. Filter Students By Email\06. Filter Students By Email.csproj", "{B199EAC3-B05E-41EC-B047-EF2C39CCA139}"
EndProject
Project("{FAE04EC0-301F-11D3-BF4B-00C04F79EFBC}") = "05. Sort Students (with Lambda)", "05. Sort Students (with Lambda)\05. Sort Students (with Lambda).csproj", "{77E44AD5-B385-4FDC-9F54-DB3C2C838703}"
EndProject
Project("{FAE04EC0-301F-11D3-BF4B-00C04F79EFBC}") = "05. Sort Students (with Linq)", "05. Sort Students (with Linq)\05. Sort Students (with Linq).csproj", "{1D987EC3-DAC6-4EE2-838C-503E154BB791}"
EndProject
Project("{FAE04EC0-301F-11D3-BF4B-00C04F79EFBC}") = "07. Filter Students By Phone", "07. Filter Students By Phone\07. Filter Students By Phone.csproj", "{241364D3-A624-4293-BE70-E8D4E7903794}"
EndProject
Project("{FAE04EC0-301F-11D3-BF4B-00C04F79EFBC}") = "08. Excellent Students", "08. Excellent Students\08. Excellent Students.csproj", "{C754D17D-C44E-4B02-BFC5-0D1EE27A42C2}"
EndProject
Project("{FAE04EC0-301F-11D3-BF4B-00C04F79EFBC}") = "09. Weak Students", "09. Weak Students\09. Weak Students.csproj", "{F26A56CE-11EF-4B59-AAFA-BB378A2A4F80}"
EndProject
Project("{FAE04EC0-301F-11D3-BF4B-00C04F79EFBC}") = "10. Students Enrolled In 2014", "10. Students Enrolled In 2014\10. Students Enrolled In 2014.csproj", "{97A241D3-CD6D-4C87-9C94-B86EEA38BBDA}"
EndProject
Global
	GlobalSection(SolutionConfigurationPlatforms) = preSolution
		Debug|Any CPU = Debug|Any CPU
		Release|Any CPU = Release|Any CPU
	EndGlobalSection
	GlobalSection(ProjectConfigurationPlatforms) = postSolution
		{B61F092E-BFDE-4406-AF19-B0F5B4F01AC0}.Debug|Any CPU.ActiveCfg = Debug|Any CPU
		{B61F092E-BFDE-4406-AF19-B0F5B4F01AC0}.Debug|Any CPU.Build.0 = Debug|Any CPU
		{B61F092E-BFDE-4406-AF19-B0F5B4F01AC0}.Release|Any CPU.ActiveCfg = Release|Any CPU
		{B61F092E-BFDE-4406-AF19-B0F5B4F01AC0}.Release|Any CPU.Build.0 = Release|Any CPU
		{C965EE81-3CB6-41EC-A08E-0DDBB3A7E5B8}.Debug|Any CPU.ActiveCfg = Debug|Any CPU
		{C965EE81-3CB6-41EC-A08E-0DDBB3A7E5B8}.Debug|Any CPU.Build.0 = Debug|Any CPU
		{C965EE81-3CB6-41EC-A08E-0DDBB3A7E5B8}.Release|Any CPU.ActiveCfg = Release|Any CPU
		{C965EE81-3CB6-41EC-A08E-0DDBB3A7E5B8}.Release|Any CPU.Build.0 = Release|Any CPU
		{78797EA8-8778-4F9F-AB1C-CB4AE404D279}.Debug|Any CPU.ActiveCfg = Debug|Any CPU
		{78797EA8-8778-4F9F-AB1C-CB4AE404D279}.Debug|Any CPU.Build.0 = Debug|Any CPU
		{78797EA8-8778-4F9F-AB1C-CB4AE404D279}.Release|Any CPU.ActiveCfg = Release|Any CPU
		{78797EA8-8778-4F9F-AB1C-CB4AE404D279}.Release|Any CPU.Build.0 = Release|Any CPU
		{56F157DE-482A-40A3-984D-B65FBF7524FA}.Debug|Any CPU.ActiveCfg = Debug|Any CPU
		{56F157DE-482A-40A3-984D-B65FBF7524FA}.Debug|Any CPU.Build.0 = Debug|Any CPU
		{56F157DE-482A-40A3-984D-B65FBF7524FA}.Release|Any CPU.ActiveCfg = Release|Any CPU
		{56F157DE-482A-40A3-984D-B65FBF7524FA}.Release|Any CPU.Build.0 = Release|Any CPU
		{9B84657F-26AE-4C88-91A5-FCA251989C55}.Debug|Any CPU.ActiveCfg = Debug|Any CPU
		{9B84657F-26AE-4C88-91A5-FCA251989C55}.Debug|Any CPU.Build.0 = Debug|Any CPU
		{9B84657F-26AE-4C88-91A5-FCA251989C55}.Release|Any CPU.ActiveCfg = Release|Any CPU
		{9B84657F-26AE-4C88-91A5-FCA251989C55}.Release|Any CPU.Build.0 = Release|Any CPU
		{4C8B3820-45B6-4F5E-AECC-1F693FDA7545}.Debug|Any CPU.ActiveCfg = Debug|Any CPU
		{4C8B3820-45B6-4F5E-AECC-1F693FDA7545}.Debug|Any CPU.Build.0 = Debug|Any CPU
		{4C8B3820-45B6-4F5E-AECC-1F693FDA7545}.Release|Any CPU.ActiveCfg = Release|Any CPU
		{4C8B3820-45B6-4F5E-AECC-1F693FDA7545}.Release|Any CPU.Build.0 = Release|Any CPU
		{FF534206-7787-4D76-840C-6B06F826C62B}.Debug|Any CPU.ActiveCfg = Debug|Any CPU
		{FF534206-7787-4D76-840C-6B06F826C62B}.Debug|Any CPU.Build.0 = Debug|Any CPU
		{FF534206-7787-4D76-840C-6B06F826C62B}.Release|Any CPU.ActiveCfg = Release|Any CPU
		{FF534206-7787-4D76-840C-6B06F826C62B}.Release|Any CPU.Build.0 = Release|Any CPU
		{E7C871F0-A311-4250-BBC5-0B2F088C6E4E}.Debug|Any CPU.ActiveCfg = Debug|Any CPU
		{E7C871F0-A311-4250-BBC5-0B2F088C6E4E}.Debug|Any CPU.Build.0 = Debug|Any CPU
		{E7C871F0-A311-4250-BBC5-0B2F088C6E4E}.Release|Any CPU.ActiveCfg = Release|Any CPU
		{E7C871F0-A311-4250-BBC5-0B2F088C6E4E}.Release|Any CPU.Build.0 = Release|Any CPU
		{B199EAC3-B05E-41EC-B047-EF2C39CCA139}.Debug|Any CPU.ActiveCfg = Debug|Any CPU
		{B199EAC3-B05E-41EC-B047-EF2C39CCA139}.Debug|Any CPU.Build.0 = Debug|Any CPU
		{B199EAC3-B05E-41EC-B047-EF2C39CCA139}.Release|Any CPU.ActiveCfg = Release|Any CPU
		{B199EAC3-B05E-41EC-B047-EF2C39CCA139}.Release|Any CPU.Build.0 = Release|Any CPU
		{77E44AD5-B385-4FDC-9F54-DB3C2C838703}.Debug|Any CPU.ActiveCfg = Debug|Any CPU
		{77E44AD5-B385-4FDC-9F54-DB3C2C838703}.Debug|Any CPU.Build.0 = Debug|Any CPU
		{77E44AD5-B385-4FDC-9F54-DB3C2C838703}.Release|Any CPU.ActiveCfg = Release|Any CPU
		{77E44AD5-B385-4FDC-9F54-DB3C2C838703}.Release|Any CPU.Build.0 = Release|Any CPU
		{1D987EC3-DAC6-4EE2-838C-503E154BB791}.Debug|Any CPU.ActiveCfg = Debug|Any CPU
		{1D987EC3-DAC6-4EE2-838C-503E154BB791}.Debug|Any CPU.Build.0 = Debug|Any CPU
		{1D987EC3-DAC6-4EE2-838C-503E154BB791}.Release|Any CPU.ActiveCfg = Release|Any CPU
		{1D987EC3-DAC6-4EE2-838C-503E154BB791}.Release|Any CPU.Build.0 = Release|Any CPU
		{241364D3-A624-4293-BE70-E8D4E7903794}.Debug|Any CPU.ActiveCfg = Debug|Any CPU
		{241364D3-A624-4293-BE70-E8D4E7903794}.Debug|Any CPU.Build.0 = Debug|Any CPU
		{241364D3-A624-4293-BE70-E8D4E7903794}.Release|Any CPU.ActiveCfg = Release|Any CPU
		{241364D3-A624-4293-BE70-E8D4E7903794}.Release|Any CPU.Build.0 = Release|Any CPU
		{C754D17D-C44E-4B02-BFC5-0D1EE27A42C2}.Debug|Any CPU.ActiveCfg = Debug|Any CPU
		{C754D17D-C44E-4B02-BFC5-0D1EE27A42C2}.Debug|Any CPU.Build.0 = Debug|Any CPU
		{C754D17D-C44E-4B02-BFC5-0D1EE27A42C2}.Release|Any CPU.ActiveCfg = Release|Any CPU
		{C754D17D-C44E-4B02-BFC5-0D1EE27A42C2}.Release|Any CPU.Build.0 = Release|Any CPU
		{F26A56CE-11EF-4B59-AAFA-BB378A2A4F80}.Debug|Any CPU.ActiveCfg = Debug|Any CPU
		{F26A56CE-11EF-4B59-AAFA-BB378A2A4F80}.Debug|Any CPU.Build.0 = Debug|Any CPU
		{F26A56CE-11EF-4B59-AAFA-BB378A2A4F80}.Release|Any CPU.ActiveCfg = Release|Any CPU
		{F26A56CE-11EF-4B59-AAFA-BB378A2A4F80}.Release|Any CPU.Build.0 = Release|Any CPU
		{97A241D3-CD6D-4C87-9C94-B86EEA38BBDA}.Debug|Any CPU.ActiveCfg = Debug|Any CPU
		{97A241D3-CD6D-4C87-9C94-B86EEA38BBDA}.Debug|Any CPU.Build.0 = Debug|Any CPU
		{97A241D3-CD6D-4C87-9C94-B86EEA38BBDA}.Release|Any CPU.ActiveCfg = Release|Any CPU
		{97A241D3-CD6D-4C87-9C94-B86EEA38BBDA}.Release|Any CPU.Build.0 = Release|Any CPU
	EndGlobalSection
	GlobalSection(SolutionProperties) = preSolution
		HideSolutionNode = FALSE
	EndGlobalSection
EndGlobal
